Microsoft Visual Studio Solution File, Format Version 12.00
# Visual Studio Version 17
VisualStudioVersion = 17.13.35919.96
MinimumVisualStudioVersion = 10.0.40219.1
Project("{FAE04EC0-301F-11D3-BF4B-00C04F79EFBC}") = "Api", "Api\Api.csproj", "{3321CAAE-52EC-428B-829A-3B29F5BD8D7E}"
EndProject
Project("{FAE04EC0-301F-11D3-BF4B-00C04F79EFBC}") = "Domain", "Domain\Domain.csproj", "{B9F549C0-266C-4F32-9C5E-64C40A0906B0}"
EndProject
Project("{FAE04EC0-301F-11D3-BF4B-00C04F79EFBC}") = "Infrastructure", "Infrastructure\Infrastructure.csproj", "{252A61FA-A6CF-4E5F-8404-C47FAD042D4B}"
EndProject
Project("{FAE04EC0-301F-11D3-BF4B-00C04F79EFBC}") = "Services", "Services\Services.csproj", "{A6503255-4BC3-4755-BE6A-C03658855F9F}"
EndProject
Project("{2150E333-8FDC-42A3-9474-1A3956D46DE8}") = "Solution Items", "Solution Items", "{36D591C7-65C7-A0D1-1CBC-10CDE441BDC8}"
	ProjectSection(SolutionItems) = preProject
		.editorconfig = .editorconfig
	EndProjectSection
EndProject
Global
	GlobalSection(SolutionConfigurationPlatforms) = preSolution
		Debug|Any CPU = Debug|Any CPU
		Release|Any CPU = Release|Any CPU
	EndGlobalSection
	GlobalSection(ProjectConfigurationPlatforms) = postSolution
		{3321CAAE-52EC-428B-829A-3B29F5BD8D7E}.Debug|Any CPU.ActiveCfg = Debug|Any CPU
		{3321CAAE-52EC-428B-829A-3B29F5BD8D7E}.Debug|Any CPU.Build.0 = Debug|Any CPU
		{3321CAAE-52EC-428B-829A-3B29F5BD8D7E}.Release|Any CPU.ActiveCfg = Release|Any CPU
		{3321CAAE-52EC-428B-829A-3B29F5BD8D7E}.Release|Any CPU.Build.0 = Release|Any CPU
		{B9F549C0-266C-4F32-9C5E-64C40A0906B0}.Debug|Any CPU.ActiveCfg = Debug|Any CPU
		{B9F549C0-266C-4F32-9C5E-64C40A0906B0}.Debug|Any CPU.Build.0 = Debug|Any CPU
		{B9F549C0-266C-4F32-9C5E-64C40A0906B0}.Release|Any CPU.ActiveCfg = Release|Any CPU
		{B9F549C0-266C-4F32-9C5E-64C40A0906B0}.Release|Any CPU.Build.0 = Release|Any CPU
		{252A61FA-A6CF-4E5F-8404-C47FAD042D4B}.Debug|Any CPU.ActiveCfg = Debug|Any CPU
		{252A61FA-A6CF-4E5F-8404-C47FAD042D4B}.Debug|Any CPU.Build.0 = Debug|Any CPU
		{252A61FA-A6CF-4E5F-8404-C47FAD042D4B}.Release|Any CPU.ActiveCfg = Release|Any CPU
		{252A61FA-A6CF-4E5F-8404-C47FAD042D4B}.Release|Any CPU.Build.0 = Release|Any CPU
		{A6503255-4BC3-4755-BE6A-C03658855F9F}.Debug|Any CPU.ActiveCfg = Debug|Any CPU
		{A6503255-4BC3-4755-BE6A-C03658855F9F}.Debug|Any CPU.Build.0 = Debug|Any CPU
		{A6503255-4BC3-4755-BE6A-C03658855F9F}.Release|Any CPU.ActiveCfg = Release|Any CPU
		{A6503255-4BC3-4755-BE6A-C03658855F9F}.Release|Any CPU.Build.0 = Release|Any CPU
	EndGlobalSection
	GlobalSection(SolutionProperties) = preSolution
		HideSolutionNode = FALSE
	EndGlobalSection
	GlobalSection(ExtensibilityGlobals) = postSolution
		SolutionGuid = {FAA46114-02D0-44BF-981C-35BEA5827C06}
	EndGlobalSection
EndGlobal
